{
  "version": 3,
  "targets": {
    "net8.0": {
      "Rampastring.Tools/2.0.4": {
        "type": "package",
        "compile": {
          "lib/net7.0/Rampastring.Tools.dll": {
            "related": ".xml"
          }
        },
        "runtime": {
          "lib/net7.0/Rampastring.Tools.dll": {
            "related": ".xml"
          }
        }
      },
      "StyleCop.Analyzers/1.2.0-beta.435": {
        "type": "package",
        "dependencies": {
          "StyleCop.Analyzers.Unstable": "1.2.0.435"
        }
      },
      "StyleCop.Analyzers.Unstable/1.2.0.435": {
        "type": "package"
      }
    }
  },
  "libraries": {
    "Rampastring.Tools/2.0.4": {
      "sha512": "mxwKnnsAKi4vqdzzQbq7+eK8mupw/XBAGe1Tw/7sS6mALvRDMviabZ5gwfixLc0SsXvq6Mh6468Sz90NHCPjag==",
      "type": "package",
      "path": "rampastring.tools/2.0.4",
      "files": [
        ".nupkg.metadata",
        ".signature.p7s",
        "README.md",
        "lib/net48/Rampastring.Tools.dll",
        "lib/net48/Rampastring.Tools.xml",
        "lib/net7.0/Rampastring.Tools.dll",
        "lib/net7.0/Rampastring.Tools.xml",
        "rampastring.tools.2.0.4.nupkg.sha512",
        "rampastring.tools.nuspec"
      ]
    },
    "StyleCop.Analyzers/1.2.0-beta.435": {
      "sha512": "TADk7vdGXtfTnYCV7GyleaaRTQjfoSfZXprQrVMm7cSJtJbFc1QIbWPyLvrgrfGdfHbGmUPvaN4ODKNxg2jgPQ==",
      "type": "package",
      "path": "stylecop.analyzers/1.2.0-beta.435",
      "files": [
        ".nupkg.metadata",
        ".signature.p7s",
        "LICENSE",
        "THIRD-PARTY-NOTICES.txt",
        "stylecop.analyzers.1.2.0-beta.435.nupkg.sha512",
        "stylecop.analyzers.nuspec"
      ]
    },
    "StyleCop.Analyzers.Unstable/1.2.0.435": {
      "sha512": "ouwPWZxbOV3SmCZxIRqHvljkSzkCyi1tDoMzQtDb/bRP8ctASV/iRJr+A2Gdj0QLaLmWnqTWDrH82/iP+X80Lg==",
      "type": "package",
      "path": "stylecop.analyzers.unstable/1.2.0.435",
      "hasTools": true,
      "files": [
        ".nupkg.metadata",
        ".signature.p7s",
        "LICENSE",
        "THIRD-PARTY-NOTICES.txt",
        "analyzers/dotnet/cs/StyleCop.Analyzers.CodeFixes.dll",
        "analyzers/dotnet/cs/StyleCop.Analyzers.dll",
        "analyzers/dotnet/cs/de-DE/StyleCop.Analyzers.resources.dll",
        "analyzers/dotnet/cs/en-GB/StyleCop.Analyzers.resources.dll",
        "analyzers/dotnet/cs/es-MX/StyleCop.Analyzers.resources.dll",
        "analyzers/dotnet/cs/fr-FR/StyleCop.Analyzers.resources.dll",
        "analyzers/dotnet/cs/pl-PL/StyleCop.Analyzers.resources.dll",
        "analyzers/dotnet/cs/pt-BR/StyleCop.Analyzers.resources.dll",
        "analyzers/dotnet/cs/ru-RU/StyleCop.Analyzers.resources.dll",
        "rulesets/StyleCopAnalyzersDefault.ruleset",
        "stylecop.analyzers.unstable.1.2.0.435.nupkg.sha512",
        "stylecop.analyzers.unstable.nuspec",
        "tools/install.ps1",
        "tools/uninstall.ps1"
      ]
    }
  },
  "projectFileDependencyGroups": {
    "net8.0": [
      "Rampastring.Tools >= 2.0.4",
      "StyleCop.Analyzers >= 1.2.0-beta.435"
    ]
  },
  "packageFolders": {
    "C:\\Users\\Administrator\\.nuget\\packages\\": {},
    "C:\\Program Files (x86)\\Microsoft Visual Studio\\Shared\\NuGetPackages": {}
  },
  "project": {
    "version": "1.0.0",
    "restore": {
      "projectUniqueName": "E:\\WorkSpace\\cncnet\\vampire-redta-master\\Tools\\DTA.CLI\\DTA.CLI.csproj",
      "projectName": "DTA.CLI",
      "projectPath": "E:\\WorkSpace\\cncnet\\vampire-redta-master\\Tools\\DTA.CLI\\DTA.CLI.csproj",
      "packagesPath": "C:\\Users\\Administrator\\.nuget\\packages\\",
      "outputPath": "E:\\WorkSpace\\cncnet\\vampire-redta-master\\Tools\\DTA.CLI\\Tools\\DTA.CLI\\obj_tmp\\",
      "projectStyle": "PackageReference",
      "fallbackFolders": [
        "C:\\Program Files (x86)\\Microsoft Visual Studio\\Shared\\NuGetPackages"
      ],
      "configFilePaths": [
        "E:\\WorkSpace\\cncnet\\vampire-redta-master\\NuGet.Config",
        "C:\\Users\\Administrator\\AppData\\Roaming\\NuGet\\NuGet.Config",
        "C:\\Program Files (x86)\\NuGet\\Config\\Microsoft.VisualStudio.FallbackLocation.config",
        "C:\\Program Files (x86)\\NuGet\\Config\\Microsoft.VisualStudio.Offline.config"
      ],
      "originalTargetFrameworks": [
        "net8.0"
      ],
      "sources": {
        "E:\\WorkSpace\\cncnet\\vampire-redta-master\\References": {},
        "https://api.nuget.org/v3/index.json": {}
      },
      "frameworks": {
        "net8.0": {
          "targetAlias": "net8.0",
          "projectReferences": {}
        }
      },
      "warningProperties": {
        "warnAsError": [
          "NU1605"
        ]
      },
      "restoreAuditProperties": {
        "enableAudit": "true",
        "auditLevel": "low",
        "auditMode": "direct"
      },
      "SdkAnalysisLevel": "10.0.200"
    },
    "frameworks": {
      "net8.0": {
        "targetAlias": "net8.0",
        "dependencies": {
          "Rampastring.Tools": {
            "target": "Package",
            "version": "[2.0.4, )"
          },
          "StyleCop.Analyzers": {
            "include": "Runtime, Build, Native, ContentFiles, Analyzers, BuildTransitive",
            "suppressParent": "All",
            "target": "Package",
            "version": "[1.2.0-beta.435, )"
          }
        },
        "imports": [
          "net461",
          "net462",
          "net47",
          "net471",
          "net472",
          "net48",
          "net481"
        ],
        "assetTargetFallback": true,
        "warn": true,
        "downloadDependencies": [
          {
            "name": "Microsoft.AspNetCore.App.Ref",
            "version": "[8.0.26, 8.0.26]"
          },
          {
            "name": "Microsoft.NETCore.App.Host.win-x64",
            "version": "[8.0.26, 8.0.26]"
          },
          {
            "name": "Microsoft.NETCore.App.Ref",
            "version": "[8.0.26, 8.0.26]"
          },
          {
            "name": "Microsoft.WindowsDesktop.App.Ref",
            "version": "[8.0.26, 8.0.26]"
          }
        ],
        "frameworkReferences": {
          "Microsoft.NETCore.App": {
            "privateAssets": "all"
          }
        },
        "runtimeIdentifierGraphPath": "C:\\Program Files\\dotnet\\sdk\\10.0.203/PortableRuntimeIdentifierGraph.json"
      }
    }
  }
}